
Microsoft Visual Studio Solution File, Format Version 12.00
# Visual Studio Version 17
VisualStudioVersion = 17.8.34330.188
MinimumVisualStudioVersion = 10.0.40219.1
Project("{FAE04EC0-301F-11D3-BF4B-00C04F79EFBC}") = "api-demo", "api-demo\api-demo.csproj", "{E338F68E-9231-438A-A1C0-F86BAF692D86}"
EndProject
Global
	GlobalSection(SolutionConfigurationPlatforms) = preSolution
		Debug|Any CPU = Debug|Any CPU
		Release|Any CPU = Release|Any CPU
	EndGlobalSection
	GlobalSection(ProjectConfigurationPlatforms) = postSolution
		{E338F68E-9231-438A-A1C0-F86BAF692D86}.Debug|Any CPU.ActiveCfg = Debug|Any CPU
		{E338F68E-9231-438A-A1C0-F86BAF692D86}.Debug|Any CPU.Build.0 = Debug|Any CPU
		{E338F68E-9231-438A-A1C0-F86BAF692D86}.Release|Any CPU.ActiveCfg = Release|Any CPU
		{E338F68E-9231-438A-A1C0-F86BAF692D86}.Release|Any CPU.Build.0 = Release|Any CPU
	EndGlobalSection
	GlobalSection(SolutionProperties) = preSolution
		HideSolutionNode = FALSE
	EndGlobalSection
	GlobalSection(ExtensibilityGlobals) = postSolution
		SolutionGuid = {526DFA30-3B44-4A80-8D0E-46C939926366}
	EndGlobalSection
EndGlobal
